
Microsoft Visual Studio Solution File, Format Version 12.00
# Visual Studio Version 16
VisualStudioVersion = 16.0.31727.386
MinimumVisualStudioVersion = 10.0.40219.1
Project("{9A19103F-16F7-4668-BE54-9A1E7A4F7556}") = "WebApplication3", "WebApplication3.csproj", "{D964CEDF-2C33-4910-B4E8-474B70AE5A4F}"
EndProject
Global
	GlobalSection(SolutionConfigurationPlatforms) = preSolution
		Debug|Any CPU = Debug|Any CPU
		Release|Any CPU = Release|Any CPU
	EndGlobalSection
	GlobalSection(ProjectConfigurationPlatforms) = postSolution
		{D964CEDF-2C33-4910-B4E8-474B70AE5A4F}.Debug|Any CPU.ActiveCfg = Debug|Any CPU
		{D964CEDF-2C33-4910-B4E8-474B70AE5A4F}.Debug|Any CPU.Build.0 = Debug|Any CPU
		{D964CEDF-2C33-4910-B4E8-474B70AE5A4F}.Release|Any CPU.ActiveCfg = Release|Any CPU
		{D964CEDF-2C33-4910-B4E8-474B70AE5A4F}.Release|Any CPU.Build.0 = Release|Any CPU
	EndGlobalSection
	GlobalSection(SolutionProperties) = preSolution
		HideSolutionNode = FALSE
	EndGlobalSection
	GlobalSection(ExtensibilityGlobals) = postSolution
		SolutionGuid = {D12F4E94-7230-4F93-908D-DB85587C0DFA}
	EndGlobalSection
EndGlobal
